<?xml version="1.0" encoding="utf-8"?>
<Project ToolsVersion="16.0" xmlns="http://schemas.microsoft.com/developer/msbuild/2003">
  <ItemGroup>
    <CustomBuild Include="N:\Development\Dev_Base\tinygltf-2.5.0\msvc\CMakeFiles\444d049e903370ab5998d8c3f6423a6f\INSTALL_force.rule">
      <Filter>CMake Rules</Filter>
    </CustomBuild>
  </ItemGroup>
  <ItemGroup>
    <Filter Include="CMake Rules">
      <UniqueIdentifier>{491D4C9C-AF8C-30F8-9E8A-7277997C5639}</UniqueIdentifier>
    </Filter>
  </ItemGroup>
</Project>
